
Microsoft Visual Studio Solution File, Format Version 12.00
# Visual Studio 14
VisualStudioVersion = 14.0.24720.0
MinimumVisualStudioVersion = 10.0.40219.1
Project("{FAE04EC0-301F-11D3-BF4B-00C04F79EFBC}") = "54. Poker Hands", "54. Poker Hands\54. Poker Hands.csproj", "{2353E467-D2E2-4C90-B90E-F2A813B64650}"
EndProject
Project("{FAE04EC0-301F-11D3-BF4B-00C04F79EFBC}") = "08. Largest Product in Series", "08. Largest Product in Series\08. Largest Product in Series.csproj", "{9EE299AD-2C71-4F2B-86D3-3C1242A667BD}"
EndProject
Project("{FAE04EC0-301F-11D3-BF4B-00C04F79EFBC}") = "07. 10001st Prime", "07. 10001st Prime\07. 10001st Prime.csproj", "{EC984F24-07CC-48F6-B28D-489EE01578F4}"
EndProject
Project("{FAE04EC0-301F-11D3-BF4B-00C04F79EFBC}") = "60. Prime Pair Sets", "60. Prime Pair Sets\60. Prime Pair Sets.csproj", "{E45BDE80-D0A4-4524-B81F-37A50FDB8D43}"
EndProject
Project("{FAE04EC0-301F-11D3-BF4B-00C04F79EFBC}") = "501. Eight Divisors", "501. Eight Divisors\501. Eight Divisors.csproj", "{69D29EE7-D607-45B2-AD04-1E884583BBF3}"
EndProject
Project("{FAE04EC0-301F-11D3-BF4B-00C04F79EFBC}") = "09. Special Pythagorean Triplet", "09. Special Pythagorean Triplet\09. Special Pythagorean Triplet.csproj", "{6E88421E-13F7-4B02-83AB-7533A0DB5DB4}"
EndProject
Project("{FAE04EC0-301F-11D3-BF4B-00C04F79EFBC}") = "10. Summation of Primes", "10. Summation of Primes\10. Summation of Primes.csproj", "{BC1DEC7C-1D27-455E-819E-22BC4918695E}"
EndProject
Project("{FAE04EC0-301F-11D3-BF4B-00C04F79EFBC}") = "12. Highly Divisible Triangular Number", "12. Highly Divisible Triangular Number\12. Highly Divisible Triangular Number.csproj", "{4B602175-A534-4226-9E9C-7A2CBE9791CC}"
EndProject
Project("{FAE04EC0-301F-11D3-BF4B-00C04F79EFBC}") = "13. Large Sum", "13. Large Sum\13. Large Sum.csproj", "{B073E8F7-80A4-44BB-A7DB-5E5570FFBD8A}"
EndProject
Project("{FAE04EC0-301F-11D3-BF4B-00C04F79EFBC}") = "14. Longest Collatz Sequence", "14. Longest Collatz Sequence\14. Longest Collatz Sequence.csproj", "{A0DBB3D9-3F21-4862-8A95-FCEF98EEF0DE}"
EndProject
Project("{FAE04EC0-301F-11D3-BF4B-00C04F79EFBC}") = "15. Lattice Paths", "15. Lattice Paths\15. Lattice Paths.csproj", "{8CD98534-7B16-4632-9529-C46870CAA555}"
EndProject
Project("{FAE04EC0-301F-11D3-BF4B-00C04F79EFBC}") = "16. Power Digit Sum", "16. Power Digit Sum\16. Power Digit Sum.csproj", "{94258E62-AC49-4993-B145-D6607C4E34FF}"
EndProject
Project("{FAE04EC0-301F-11D3-BF4B-00C04F79EFBC}") = "20. Factorial Digit Sum", "20. Factorial Digit Sum\20. Factorial Digit Sum.csproj", "{43AC5C5A-D128-4193-931C-AB4479469E6E}"
EndProject
Project("{FAE04EC0-301F-11D3-BF4B-00C04F79EFBC}") = "25. 1000-digit Fibonacci Number", "25. 1000-digit Fibonacci Number\25. 1000-digit Fibonacci Number.csproj", "{73338DA6-D46D-40DF-83D1-23F5A68CCDB0}"
EndProject
Global
	GlobalSection(SolutionConfigurationPlatforms) = preSolution
		Debug|Any CPU = Debug|Any CPU
		Release|Any CPU = Release|Any CPU
	EndGlobalSection
	GlobalSection(ProjectConfigurationPlatforms) = postSolution
		{2353E467-D2E2-4C90-B90E-F2A813B64650}.Debug|Any CPU.ActiveCfg = Debug|Any CPU
		{2353E467-D2E2-4C90-B90E-F2A813B64650}.Debug|Any CPU.Build.0 = Debug|Any CPU
		{2353E467-D2E2-4C90-B90E-F2A813B64650}.Release|Any CPU.ActiveCfg = Release|Any CPU
		{2353E467-D2E2-4C90-B90E-F2A813B64650}.Release|Any CPU.Build.0 = Release|Any CPU
		{9EE299AD-2C71-4F2B-86D3-3C1242A667BD}.Debug|Any CPU.ActiveCfg = Debug|Any CPU
		{9EE299AD-2C71-4F2B-86D3-3C1242A667BD}.Debug|Any CPU.Build.0 = Debug|Any CPU
		{9EE299AD-2C71-4F2B-86D3-3C1242A667BD}.Release|Any CPU.ActiveCfg = Release|Any CPU
		{9EE299AD-2C71-4F2B-86D3-3C1242A667BD}.Release|Any CPU.Build.0 = Release|Any CPU
		{EC984F24-07CC-48F6-B28D-489EE01578F4}.Debug|Any CPU.ActiveCfg = Debug|Any CPU
		{EC984F24-07CC-48F6-B28D-489EE01578F4}.Debug|Any CPU.Build.0 = Debug|Any CPU
		{EC984F24-07CC-48F6-B28D-489EE01578F4}.Release|Any CPU.ActiveCfg = Release|Any CPU
		{EC984F24-07CC-48F6-B28D-489EE01578F4}.Release|Any CPU.Build.0 = Release|Any CPU
		{E45BDE80-D0A4-4524-B81F-37A50FDB8D43}.Debug|Any CPU.ActiveCfg = Debug|Any CPU
		{E45BDE80-D0A4-4524-B81F-37A50FDB8D43}.Debug|Any CPU.Build.0 = Debug|Any CPU
		{E45BDE80-D0A4-4524-B81F-37A50FDB8D43}.Release|Any CPU.ActiveCfg = Release|Any CPU
		{E45BDE80-D0A4-4524-B81F-37A50FDB8D43}.Release|Any CPU.Build.0 = Release|Any CPU
		{69D29EE7-D607-45B2-AD04-1E884583BBF3}.Debug|Any CPU.ActiveCfg = Debug|Any CPU
		{69D29EE7-D607-45B2-AD04-1E884583BBF3}.Debug|Any CPU.Build.0 = Debug|Any CPU
		{69D29EE7-D607-45B2-AD04-1E884583BBF3}.Release|Any CPU.ActiveCfg = Release|Any CPU
		{69D29EE7-D607-45B2-AD04-1E884583BBF3}.Release|Any CPU.Build.0 = Release|Any CPU
		{6E88421E-13F7-4B02-83AB-7533A0DB5DB4}.Debug|Any CPU.ActiveCfg = Debug|Any CPU
		{6E88421E-13F7-4B02-83AB-7533A0DB5DB4}.Debug|Any CPU.Build.0 = Debug|Any CPU
		{6E88421E-13F7-4B02-83AB-7533A0DB5DB4}.Release|Any CPU.ActiveCfg = Release|Any CPU
		{6E88421E-13F7-4B02-83AB-7533A0DB5DB4}.Release|Any CPU.Build.0 = Release|Any CPU
		{BC1DEC7C-1D27-455E-819E-22BC4918695E}.Debug|Any CPU.ActiveCfg = Debug|Any CPU
		{BC1DEC7C-1D27-455E-819E-22BC4918695E}.Debug|Any CPU.Build.0 = Debug|Any CPU
		{BC1DEC7C-1D27-455E-819E-22BC4918695E}.Release|Any CPU.ActiveCfg = Release|Any CPU
		{BC1DEC7C-1D27-455E-819E-22BC4918695E}.Release|Any CPU.Build.0 = Release|Any CPU
		{4B602175-A534-4226-9E9C-7A2CBE9791CC}.Debug|Any CPU.ActiveCfg = Debug|Any CPU
		{4B602175-A534-4226-9E9C-7A2CBE9791CC}.Debug|Any CPU.Build.0 = Debug|Any CPU
		{4B602175-A534-4226-9E9C-7A2CBE9791CC}.Release|Any CPU.ActiveCfg = Release|Any CPU
		{4B602175-A534-4226-9E9C-7A2CBE9791CC}.Release|Any CPU.Build.0 = Release|Any CPU
		{B073E8F7-80A4-44BB-A7DB-5E5570FFBD8A}.Debug|Any CPU.ActiveCfg = Debug|Any CPU
		{B073E8F7-80A4-44BB-A7DB-5E5570FFBD8A}.Debug|Any CPU.Build.0 = Debug|Any CPU
		{B073E8F7-80A4-44BB-A7DB-5E5570FFBD8A}.Release|Any CPU.ActiveCfg = Release|Any CPU
		{B073E8F7-80A4-44BB-A7DB-5E5570FFBD8A}.Release|Any CPU.Build.0 = Release|Any CPU
		{A0DBB3D9-3F21-4862-8A95-FCEF98EEF0DE}.Debug|Any CPU.ActiveCfg = Debug|Any CPU
		{A0DBB3D9-3F21-4862-8A95-FCEF98EEF0DE}.Debug|Any CPU.Build.0 = Debug|Any CPU
		{A0DBB3D9-3F21-4862-8A95-FCEF98EEF0DE}.Release|Any CPU.ActiveCfg = Release|Any CPU
		{A0DBB3D9-3F21-4862-8A95-FCEF98EEF0DE}.Release|Any CPU.Build.0 = Release|Any CPU
		{8CD98534-7B16-4632-9529-C46870CAA555}.Debug|Any CPU.ActiveCfg = Debug|Any CPU
		{8CD98534-7B16-4632-9529-C46870CAA555}.Debug|Any CPU.Build.0 = Debug|Any CPU
		{8CD98534-7B16-4632-9529-C46870CAA555}.Release|Any CPU.ActiveCfg = Release|Any CPU
		{8CD98534-7B16-4632-9529-C46870CAA555}.Release|Any CPU.Build.0 = Release|Any CPU
		{94258E62-AC49-4993-B145-D6607C4E34FF}.Debug|Any CPU.ActiveCfg = Debug|Any CPU
		{94258E62-AC49-4993-B145-D6607C4E34FF}.Debug|Any CPU.Build.0 = Debug|Any CPU
		{94258E62-AC49-4993-B145-D6607C4E34FF}.Release|Any CPU.ActiveCfg = Release|Any CPU
		{94258E62-AC49-4993-B145-D6607C4E34FF}.Release|Any CPU.Build.0 = Release|Any CPU
		{43AC5C5A-D128-4193-931C-AB4479469E6E}.Debug|Any CPU.ActiveCfg = Debug|Any CPU
		{43AC5C5A-D128-4193-931C-AB4479469E6E}.Debug|Any CPU.Build.0 = Debug|Any CPU
		{43AC5C5A-D128-4193-931C-AB4479469E6E}.Release|Any CPU.ActiveCfg = Release|Any CPU
		{43AC5C5A-D128-4193-931C-AB4479469E6E}.Release|Any CPU.Build.0 = Release|Any CPU
		{73338DA6-D46D-40DF-83D1-23F5A68CCDB0}.Debug|Any CPU.ActiveCfg = Debug|Any CPU
		{73338DA6-D46D-40DF-83D1-23F5A68CCDB0}.Debug|Any CPU.Build.0 = Debug|Any CPU
		{73338DA6-D46D-40DF-83D1-23F5A68CCDB0}.Release|Any CPU.ActiveCfg = Release|Any CPU
		{73338DA6-D46D-40DF-83D1-23F5A68CCDB0}.Release|Any CPU.Build.0 = Release|Any CPU
	EndGlobalSection
	GlobalSection(SolutionProperties) = preSolution
		HideSolutionNode = FALSE
	EndGlobalSection
EndGlobal
